version: 1.0
shards:
  mysql:
    github: waterlink/crystal-mysql
    commit: b9ce70bc9b45021b2992221b63a1da1b9e7d30a4

  pg:
    github: will/crystal-pg
    commit: cafecb15e11c405b7f66bc55a27e4a11a47d43cc

  sqlite3:
    github: manastech/crystal-sqlite3
    commit: 45fee52b988dcb6b862cde2c944413b837212f9d

